
Microsoft Visual Studio Solution File, Format Version 12.00
# Visual Studio Version 16
VisualStudioVersion = 16.0.32126.315
MinimumVisualStudioVersion = 10.0.40219.1
Project("{8BC9CEB8-8B4A-11D0-8D11-00A0C91BC942}") = "实验一（最大公约数、生成随机数）", "实验一（最大公约数、生成随机数）\实验一（最大公约数、生成随机数）.vcxproj", "{E082053B-7AE4-4E64-B2DD-7FED45430922}"
EndProject
Project("{8BC9CEB8-8B4A-11D0-8D11-00A0C91BC942}") = "实验二（归并、快速、冒泡、插入）", "实验二（归并、快速、冒泡、插入）\实验二（归并、快速、冒泡、插入）.vcxproj", "{50F0C55B-46BF-4394-8973-59D2A1150BB9}"
EndProject
Project("{8BC9CEB8-8B4A-11D0-8D11-00A0C91BC942}") = "实验三（组合排列）", "实验三（组合排列）\实验三（组合排列）.vcxproj", "{466329A4-D2BA-4332-B917-5BFB428C6E27}"
EndProject
Project("{8BC9CEB8-8B4A-11D0-8D11-00A0C91BC942}") = "实验四（最近对）", "实验四（最近对）\实验四（最近对）.vcxproj", "{6215E746-77CF-41B2-9120-A948D1B67933}"
EndProject
Project("{8BC9CEB8-8B4A-11D0-8D11-00A0C91BC942}") = "实验五（完全加括号的矩阵链相乘）", "实验五（完全加括号的矩阵链相乘）\实验五（完全加括号的矩阵链相乘）.vcxproj", "{19717DE2-93A7-4A48-AE7A-F6097C04D746}"
EndProject
Project("{8BC9CEB8-8B4A-11D0-8D11-00A0C91BC942}") = "实验六（贪心法）", "实验六（贪心法）\实验六（贪心法）.vcxproj", "{8CFB92F8-D7DB-44F2-A7ED-2E173776694A}"
EndProject
Project("{8BC9CEB8-8B4A-11D0-8D11-00A0C91BC942}") = "实验七（01背包：蛮力、动态规划、回溯、分支限界）", "实验七（01背包：蛮力、动态规划、回溯、分支限界）\实验七（01背包：蛮力、动态规划、回溯、分支限界）.vcxproj", "{EEFDA740-0B08-4959-8275-9280DB955693}"
EndProject
Project("{8BC9CEB8-8B4A-11D0-8D11-00A0C91BC942}") = "3_7", "3_7\3_7.vcxproj", "{54BDDA26-04FF-45AE-BA63-85ACD722BC73}"
EndProject
Project("{8BC9CEB8-8B4A-11D0-8D11-00A0C91BC942}") = "习题3_11", "习题3_11\习题3_11.vcxproj", "{98CEA676-680F-4630-8589-B5EA8863FF43}"
EndProject
Project("{8BC9CEB8-8B4A-11D0-8D11-00A0C91BC942}") = "习题4_11", "习题4_11\习题4_11.vcxproj", "{39F53E4E-29BF-47FC-8D0D-459D48BF8043}"
EndProject
Project("{8BC9CEB8-8B4A-11D0-8D11-00A0C91BC942}") = "习题4_5", "习题4_5\习题4_5.vcxproj", "{B79DE38B-11CB-45CD-B6C0-2A82268446F6}"
EndProject
Project("{8BC9CEB8-8B4A-11D0-8D11-00A0C91BC942}") = "习题4_9", "习题4_9\习题4_9.vcxproj", "{E6487937-21C5-4C15-B731-3253EE1228D8}"
EndProject
Project("{8BC9CEB8-8B4A-11D0-8D11-00A0C91BC942}") = "习题5_3", "习题5_3\习题5_3.vcxproj", "{15F7EA79-BA3B-4348-BA43-0186E9B4C8E0}"
EndProject
Project("{8BC9CEB8-8B4A-11D0-8D11-00A0C91BC942}") = "习题7_6", "习题7_6\习题7_6.vcxproj", "{B3DC4E1C-522E-46BC-8F63-03A6CBD5EEC1}"
EndProject
Project("{8BC9CEB8-8B4A-11D0-8D11-00A0C91BC942}") = "习题8_5", "习题8_5\习题8_5.vcxproj", "{64D88BFF-CAAF-4696-95DF-02281BF8AC3A}"
EndProject
Project("{8BC9CEB8-8B4A-11D0-8D11-00A0C91BC942}") = "习题8_4", "习题8_4\习题8_4.vcxproj", "{F6C99F6A-C9F5-4696-9414-54E53D76A2EA}"
EndProject
Project("{8BC9CEB8-8B4A-11D0-8D11-00A0C91BC942}") = "算法KMP、BF", "算法KMP、BF\算法KMP、BF.vcxproj", "{2705852A-3D4B-48B0-9D70-5B947C1AA409}"
EndProject
Project("{8BC9CEB8-8B4A-11D0-8D11-00A0C91BC942}") = "并行计算测试", "并行计算测试\并行计算测试.vcxproj", "{C41D12EB-5E55-41C4-A5E2-474AC59009F9}"
EndProject
Project("{8BC9CEB8-8B4A-11D0-8D11-00A0C91BC942}") = "字符串数组中的最长公共前缀", "字符串数组中的最长公共前缀\字符串数组中的最长公共前缀.vcxproj", "{CE8B0A3B-427C-4A7E-8ADE-C59EDD26E9E4}"
EndProject
Project("{8BC9CEB8-8B4A-11D0-8D11-00A0C91BC942}") = "test", "test\test.vcxproj", "{C5A6A206-C9BC-434D-8479-1AA320ADA009}"
EndProject
Project("{8BC9CEB8-8B4A-11D0-8D11-00A0C91BC942}") = "外观数列", "外观数列\外观数列.vcxproj", "{306D001D-6099-4A71-9C3C-5DE8A69458C0}"
EndProject
Project("{8BC9CEB8-8B4A-11D0-8D11-00A0C91BC942}") = "删除链表中的节点", "删除链表中的节点\删除链表中的节点.vcxproj", "{C307A3DB-523B-4FC4-9D0B-85F3C4926E23}"
EndProject
Project("{8BC9CEB8-8B4A-11D0-8D11-00A0C91BC942}") = "删除链表的倒数第N个节点", "删除链表的倒数第N个节点\删除链表的倒数第N个节点.vcxproj", "{667E66B6-59C5-4880-A276-7C96B9E6ECED}"
EndProject
Project("{8BC9CEB8-8B4A-11D0-8D11-00A0C91BC942}") = "反转链表", "反转链表\反转链表.vcxproj", "{C9AB966E-54E2-48A8-84C9-718753A54856}"
EndProject
Project("{8BC9CEB8-8B4A-11D0-8D11-00A0C91BC942}") = "合并两个有序链表", "合并两个有序链表\合并两个有序链表.vcxproj", "{404E49EC-CC58-44BB-B5A8-CD7B3706D055}"
EndProject
Project("{8BC9CEB8-8B4A-11D0-8D11-00A0C91BC942}") = "回文链表", "回文链表\回文链表.vcxproj", "{B53D8C87-2346-4200-878D-05614BB88452}"
EndProject
Project("{8BC9CEB8-8B4A-11D0-8D11-00A0C91BC942}") = "环形链表", "环形链表\环形链表.vcxproj", "{0D3EE460-2D7F-41C6-A9BA-0A34053E47FB}"
EndProject
Project("{8BC9CEB8-8B4A-11D0-8D11-00A0C91BC942}") = "二叉树的最大深度", "二叉树的最大深度\二叉树的最大深度.vcxproj", "{36C8784E-0905-4758-843F-1E5EAED9A7AB}"
EndProject
Project("{8BC9CEB8-8B4A-11D0-8D11-00A0C91BC942}") = "验证二叉搜索树", "验证二叉搜索树\验证二叉搜索树.vcxproj", "{BEEFB9FC-ED1D-4353-9402-C51C3367021F}"
EndProject
Global
	GlobalSection(SolutionConfigurationPlatforms) = preSolution
		Debug|x64 = Debug|x64
		Debug|x86 = Debug|x86
		Release|x64 = Release|x64
		Release|x86 = Release|x86
	EndGlobalSection
	GlobalSection(ProjectConfigurationPlatforms) = postSolution
		{E082053B-7AE4-4E64-B2DD-7FED45430922}.Debug|x64.ActiveCfg = Debug|x64
		{E082053B-7AE4-4E64-B2DD-7FED45430922}.Debug|x64.Build.0 = Debug|x64
		{E082053B-7AE4-4E64-B2DD-7FED45430922}.Debug|x86.ActiveCfg = Debug|Win32
		{E082053B-7AE4-4E64-B2DD-7FED45430922}.Debug|x86.Build.0 = Debug|Win32
		{E082053B-7AE4-4E64-B2DD-7FED45430922}.Release|x64.ActiveCfg = Release|x64
		{E082053B-7AE4-4E64-B2DD-7FED45430922}.Release|x64.Build.0 = Release|x64
		{E082053B-7AE4-4E64-B2DD-7FED45430922}.Release|x86.ActiveCfg = Release|Win32
		{E082053B-7AE4-4E64-B2DD-7FED45430922}.Release|x86.Build.0 = Release|Win32
		{50F0C55B-46BF-4394-8973-59D2A1150BB9}.Debug|x64.ActiveCfg = Debug|x64
		{50F0C55B-46BF-4394-8973-59D2A1150BB9}.Debug|x64.Build.0 = Debug|x64
		{50F0C55B-46BF-4394-8973-59D2A1150BB9}.Debug|x86.ActiveCfg = Debug|Win32
		{50F0C55B-46BF-4394-8973-59D2A1150BB9}.Debug|x86.Build.0 = Debug|Win32
		{50F0C55B-46BF-4394-8973-59D2A1150BB9}.Release|x64.ActiveCfg = Release|x64
		{50F0C55B-46BF-4394-8973-59D2A1150BB9}.Release|x64.Build.0 = Release|x64
		{50F0C55B-46BF-4394-8973-59D2A1150BB9}.Release|x86.ActiveCfg = Release|Win32
		{50F0C55B-46BF-4394-8973-59D2A1150BB9}.Release|x86.Build.0 = Release|Win32
		{466329A4-D2BA-4332-B917-5BFB428C6E27}.Debug|x64.ActiveCfg = Debug|x64
		{466329A4-D2BA-4332-B917-5BFB428C6E27}.Debug|x64.Build.0 = Debug|x64
		{466329A4-D2BA-4332-B917-5BFB428C6E27}.Debug|x86.ActiveCfg = Debug|Win32
		{466329A4-D2BA-4332-B917-5BFB428C6E27}.Debug|x86.Build.0 = Debug|Win32
		{466329A4-D2BA-4332-B917-5BFB428C6E27}.Release|x64.ActiveCfg = Release|x64
		{466329A4-D2BA-4332-B917-5BFB428C6E27}.Release|x64.Build.0 = Release|x64
		{466329A4-D2BA-4332-B917-5BFB428C6E27}.Release|x86.ActiveCfg = Release|Win32
		{466329A4-D2BA-4332-B917-5BFB428C6E27}.Release|x86.Build.0 = Release|Win32
		{6215E746-77CF-41B2-9120-A948D1B67933}.Debug|x64.ActiveCfg = Debug|x64
		{6215E746-77CF-41B2-9120-A948D1B67933}.Debug|x64.Build.0 = Debug|x64
		{6215E746-77CF-41B2-9120-A948D1B67933}.Debug|x86.ActiveCfg = Debug|Win32
		{6215E746-77CF-41B2-9120-A948D1B67933}.Debug|x86.Build.0 = Debug|Win32
		{6215E746-77CF-41B2-9120-A948D1B67933}.Release|x64.ActiveCfg = Release|x64
		{6215E746-77CF-41B2-9120-A948D1B67933}.Release|x64.Build.0 = Release|x64
		{6215E746-77CF-41B2-9120-A948D1B67933}.Release|x86.ActiveCfg = Release|Win32
		{6215E746-77CF-41B2-9120-A948D1B67933}.Release|x86.Build.0 = Release|Win32
		{19717DE2-93A7-4A48-AE7A-F6097C04D746}.Debug|x64.ActiveCfg = Debug|x64
		{19717DE2-93A7-4A48-AE7A-F6097C04D746}.Debug|x64.Build.0 = Debug|x64
		{19717DE2-93A7-4A48-AE7A-F6097C04D746}.Debug|x86.ActiveCfg = Debug|Win32
		{19717DE2-93A7-4A48-AE7A-F6097C04D746}.Debug|x86.Build.0 = Debug|Win32
		{19717DE2-93A7-4A48-AE7A-F6097C04D746}.Release|x64.ActiveCfg = Release|x64
		{19717DE2-93A7-4A48-AE7A-F6097C04D746}.Release|x64.Build.0 = Release|x64
		{19717DE2-93A7-4A48-AE7A-F6097C04D746}.Release|x86.ActiveCfg = Release|Win32
		{19717DE2-93A7-4A48-AE7A-F6097C04D746}.Release|x86.Build.0 = Release|Win32
		{8CFB92F8-D7DB-44F2-A7ED-2E173776694A}.Debug|x64.ActiveCfg = Debug|x64
		{8CFB92F8-D7DB-44F2-A7ED-2E173776694A}.Debug|x64.Build.0 = Debug|x64
		{8CFB92F8-D7DB-44F2-A7ED-2E173776694A}.Debug|x86.ActiveCfg = Debug|Win32
		{8CFB92F8-D7DB-44F2-A7ED-2E173776694A}.Debug|x86.Build.0 = Debug|Win32
		{8CFB92F8-D7DB-44F2-A7ED-2E173776694A}.Release|x64.ActiveCfg = Release|x64
		{8CFB92F8-D7DB-44F2-A7ED-2E173776694A}.Release|x64.Build.0 = Release|x64
		{8CFB92F8-D7DB-44F2-A7ED-2E173776694A}.Release|x86.ActiveCfg = Release|Win32
		{8CFB92F8-D7DB-44F2-A7ED-2E173776694A}.Release|x86.Build.0 = Release|Win32
		{EEFDA740-0B08-4959-8275-9280DB955693}.Debug|x64.ActiveCfg = Debug|x64
		{EEFDA740-0B08-4959-8275-9280DB955693}.Debug|x64.Build.0 = Debug|x64
		{EEFDA740-0B08-4959-8275-9280DB955693}.Debug|x86.ActiveCfg = Debug|Win32
		{EEFDA740-0B08-4959-8275-9280DB955693}.Debug|x86.Build.0 = Debug|Win32
		{EEFDA740-0B08-4959-8275-9280DB955693}.Release|x64.ActiveCfg = Release|x64
		{EEFDA740-0B08-4959-8275-9280DB955693}.Release|x64.Build.0 = Release|x64
		{EEFDA740-0B08-4959-8275-9280DB955693}.Release|x86.ActiveCfg = Release|Win32
		{EEFDA740-0B08-4959-8275-9280DB955693}.Release|x86.Build.0 = Release|Win32
		{54BDDA26-04FF-45AE-BA63-85ACD722BC73}.Debug|x64.ActiveCfg = Debug|x64
		{54BDDA26-04FF-45AE-BA63-85ACD722BC73}.Debug|x64.Build.0 = Debug|x64
		{54BDDA26-04FF-45AE-BA63-85ACD722BC73}.Debug|x86.ActiveCfg = Debug|Win32
		{54BDDA26-04FF-45AE-BA63-85ACD722BC73}.Debug|x86.Build.0 = Debug|Win32
		{54BDDA26-04FF-45AE-BA63-85ACD722BC73}.Release|x64.ActiveCfg = Release|x64
		{54BDDA26-04FF-45AE-BA63-85ACD722BC73}.Release|x64.Build.0 = Release|x64
		{54BDDA26-04FF-45AE-BA63-85ACD722BC73}.Release|x86.ActiveCfg = Release|Win32
		{54BDDA26-04FF-45AE-BA63-85ACD722BC73}.Release|x86.Build.0 = Release|Win32
		{98CEA676-680F-4630-8589-B5EA8863FF43}.Debug|x64.ActiveCfg = Debug|x64
		{98CEA676-680F-4630-8589-B5EA8863FF43}.Debug|x64.Build.0 = Debug|x64
		{98CEA676-680F-4630-8589-B5EA8863FF43}.Debug|x86.ActiveCfg = Debug|Win32
		{98CEA676-680F-4630-8589-B5EA8863FF43}.Debug|x86.Build.0 = Debug|Win32
		{98CEA676-680F-4630-8589-B5EA8863FF43}.Release|x64.ActiveCfg = Release|x64
		{98CEA676-680F-4630-8589-B5EA8863FF43}.Release|x64.Build.0 = Release|x64
		{98CEA676-680F-4630-8589-B5EA8863FF43}.Release|x86.ActiveCfg = Release|Win32
		{98CEA676-680F-4630-8589-B5EA8863FF43}.Release|x86.Build.0 = Release|Win32
		{39F53E4E-29BF-47FC-8D0D-459D48BF8043}.Debug|x64.ActiveCfg = Debug|x64
		{39F53E4E-29BF-47FC-8D0D-459D48BF8043}.Debug|x64.Build.0 = Debug|x64
		{39F53E4E-29BF-47FC-8D0D-459D48BF8043}.Debug|x86.ActiveCfg = Debug|Win32
		{39F53E4E-29BF-47FC-8D0D-459D48BF8043}.Debug|x86.Build.0 = Debug|Win32
		{39F53E4E-29BF-47FC-8D0D-459D48BF8043}.Release|x64.ActiveCfg = Release|x64
		{39F53E4E-29BF-47FC-8D0D-459D48BF8043}.Release|x64.Build.0 = Release|x64
		{39F53E4E-29BF-47FC-8D0D-459D48BF8043}.Release|x86.ActiveCfg = Release|Win32
		{39F53E4E-29BF-47FC-8D0D-459D48BF8043}.Release|x86.Build.0 = Release|Win32
		{B79DE38B-11CB-45CD-B6C0-2A82268446F6}.Debug|x64.ActiveCfg = Debug|x64
		{B79DE38B-11CB-45CD-B6C0-2A82268446F6}.Debug|x64.Build.0 = Debug|x64
		{B79DE38B-11CB-45CD-B6C0-2A82268446F6}.Debug|x86.ActiveCfg = Debug|Win32
		{B79DE38B-11CB-45CD-B6C0-2A82268446F6}.Debug|x86.Build.0 = Debug|Win32
		{B79DE38B-11CB-45CD-B6C0-2A82268446F6}.Release|x64.ActiveCfg = Release|x64
		{B79DE38B-11CB-45CD-B6C0-2A82268446F6}.Release|x64.Build.0 = Release|x64
		{B79DE38B-11CB-45CD-B6C0-2A82268446F6}.Release|x86.ActiveCfg = Release|Win32
		{B79DE38B-11CB-45CD-B6C0-2A82268446F6}.Release|x86.Build.0 = Release|Win32
		{E6487937-21C5-4C15-B731-3253EE1228D8}.Debug|x64.ActiveCfg = Debug|x64
		{E6487937-21C5-4C15-B731-3253EE1228D8}.Debug|x64.Build.0 = Debug|x64
		{E6487937-21C5-4C15-B731-3253EE1228D8}.Debug|x86.ActiveCfg = Debug|Win32
		{E6487937-21C5-4C15-B731-3253EE1228D8}.Debug|x86.Build.0 = Debug|Win32
		{E6487937-21C5-4C15-B731-3253EE1228D8}.Release|x64.ActiveCfg = Release|x64
		{E6487937-21C5-4C15-B731-3253EE1228D8}.Release|x64.Build.0 = Release|x64
		{E6487937-21C5-4C15-B731-3253EE1228D8}.Release|x86.ActiveCfg = Release|Win32
		{E6487937-21C5-4C15-B731-3253EE1228D8}.Release|x86.Build.0 = Release|Win32
		{15F7EA79-BA3B-4348-BA43-0186E9B4C8E0}.Debug|x64.ActiveCfg = Debug|x64
		{15F7EA79-BA3B-4348-BA43-0186E9B4C8E0}.Debug|x64.Build.0 = Debug|x64
		{15F7EA79-BA3B-4348-BA43-0186E9B4C8E0}.Debug|x86.ActiveCfg = Debug|Win32
		{15F7EA79-BA3B-4348-BA43-0186E9B4C8E0}.Debug|x86.Build.0 = Debug|Win32
		{15F7EA79-BA3B-4348-BA43-0186E9B4C8E0}.Release|x64.ActiveCfg = Release|x64
		{15F7EA79-BA3B-4348-BA43-0186E9B4C8E0}.Release|x64.Build.0 = Release|x64
		{15F7EA79-BA3B-4348-BA43-0186E9B4C8E0}.Release|x86.ActiveCfg = Release|Win32
		{15F7EA79-BA3B-4348-BA43-0186E9B4C8E0}.Release|x86.Build.0 = Release|Win32
		{B3DC4E1C-522E-46BC-8F63-03A6CBD5EEC1}.Debug|x64.ActiveCfg = Debug|x64
		{B3DC4E1C-522E-46BC-8F63-03A6CBD5EEC1}.Debug|x64.Build.0 = Debug|x64
		{B3DC4E1C-522E-46BC-8F63-03A6CBD5EEC1}.Debug|x86.ActiveCfg = Debug|Win32
		{B3DC4E1C-522E-46BC-8F63-03A6CBD5EEC1}.Debug|x86.Build.0 = Debug|Win32
		{B3DC4E1C-522E-46BC-8F63-03A6CBD5EEC1}.Release|x64.ActiveCfg = Release|x64
		{B3DC4E1C-522E-46BC-8F63-03A6CBD5EEC1}.Release|x64.Build.0 = Release|x64
		{B3DC4E1C-522E-46BC-8F63-03A6CBD5EEC1}.Release|x86.ActiveCfg = Release|Win32
		{B3DC4E1C-522E-46BC-8F63-03A6CBD5EEC1}.Release|x86.Build.0 = Release|Win32
		{64D88BFF-CAAF-4696-95DF-02281BF8AC3A}.Debug|x64.ActiveCfg = Debug|x64
		{64D88BFF-CAAF-4696-95DF-02281BF8AC3A}.Debug|x64.Build.0 = Debug|x64
		{64D88BFF-CAAF-4696-95DF-02281BF8AC3A}.Debug|x86.ActiveCfg = Debug|Win32
		{64D88BFF-CAAF-4696-95DF-02281BF8AC3A}.Debug|x86.Build.0 = Debug|Win32
		{64D88BFF-CAAF-4696-95DF-02281BF8AC3A}.Release|x64.ActiveCfg = Release|x64
		{64D88BFF-CAAF-4696-95DF-02281BF8AC3A}.Release|x64.Build.0 = Release|x64
		{64D88BFF-CAAF-4696-95DF-02281BF8AC3A}.Release|x86.ActiveCfg = Release|Win32
		{64D88BFF-CAAF-4696-95DF-02281BF8AC3A}.Release|x86.Build.0 = Release|Win32
		{F6C99F6A-C9F5-4696-9414-54E53D76A2EA}.Debug|x64.ActiveCfg = Debug|x64
		{F6C99F6A-C9F5-4696-9414-54E53D76A2EA}.Debug|x64.Build.0 = Debug|x64
		{F6C99F6A-C9F5-4696-9414-54E53D76A2EA}.Debug|x86.ActiveCfg = Debug|Win32
		{F6C99F6A-C9F5-4696-9414-54E53D76A2EA}.Debug|x86.Build.0 = Debug|Win32
		{F6C99F6A-C9F5-4696-9414-54E53D76A2EA}.Release|x64.ActiveCfg = Release|x64
		{F6C99F6A-C9F5-4696-9414-54E53D76A2EA}.Release|x64.Build.0 = Release|x64
		{F6C99F6A-C9F5-4696-9414-54E53D76A2EA}.Release|x86.ActiveCfg = Release|Win32
		{F6C99F6A-C9F5-4696-9414-54E53D76A2EA}.Release|x86.Build.0 = Release|Win32
		{2705852A-3D4B-48B0-9D70-5B947C1AA409}.Debug|x64.ActiveCfg = Debug|x64
		{2705852A-3D4B-48B0-9D70-5B947C1AA409}.Debug|x64.Build.0 = Debug|x64
		{2705852A-3D4B-48B0-9D70-5B947C1AA409}.Debug|x86.ActiveCfg = Debug|Win32
		{2705852A-3D4B-48B0-9D70-5B947C1AA409}.Debug|x86.Build.0 = Debug|Win32
		{2705852A-3D4B-48B0-9D70-5B947C1AA409}.Release|x64.ActiveCfg = Release|x64
		{2705852A-3D4B-48B0-9D70-5B947C1AA409}.Release|x64.Build.0 = Release|x64
		{2705852A-3D4B-48B0-9D70-5B947C1AA409}.Release|x86.ActiveCfg = Release|Win32
		{2705852A-3D4B-48B0-9D70-5B947C1AA409}.Release|x86.Build.0 = Release|Win32
		{C41D12EB-5E55-41C4-A5E2-474AC59009F9}.Debug|x64.ActiveCfg = Debug|x64
		{C41D12EB-5E55-41C4-A5E2-474AC59009F9}.Debug|x64.Build.0 = Debug|x64
		{C41D12EB-5E55-41C4-A5E2-474AC59009F9}.Debug|x86.ActiveCfg = Debug|Win32
		{C41D12EB-5E55-41C4-A5E2-474AC59009F9}.Debug|x86.Build.0 = Debug|Win32
		{C41D12EB-5E55-41C4-A5E2-474AC59009F9}.Release|x64.ActiveCfg = Release|x64
		{C41D12EB-5E55-41C4-A5E2-474AC59009F9}.Release|x64.Build.0 = Release|x64
		{C41D12EB-5E55-41C4-A5E2-474AC59009F9}.Release|x86.ActiveCfg = Release|Win32
		{C41D12EB-5E55-41C4-A5E2-474AC59009F9}.Release|x86.Build.0 = Release|Win32
		{CE8B0A3B-427C-4A7E-8ADE-C59EDD26E9E4}.Debug|x64.ActiveCfg = Debug|x64
		{CE8B0A3B-427C-4A7E-8ADE-C59EDD26E9E4}.Debug|x64.Build.0 = Debug|x64
		{CE8B0A3B-427C-4A7E-8ADE-C59EDD26E9E4}.Debug|x86.ActiveCfg = Debug|Win32
		{CE8B0A3B-427C-4A7E-8ADE-C59EDD26E9E4}.Debug|x86.Build.0 = Debug|Win32
		{CE8B0A3B-427C-4A7E-8ADE-C59EDD26E9E4}.Release|x64.ActiveCfg = Release|x64
		{CE8B0A3B-427C-4A7E-8ADE-C59EDD26E9E4}.Release|x64.Build.0 = Release|x64
		{CE8B0A3B-427C-4A7E-8ADE-C59EDD26E9E4}.Release|x86.ActiveCfg = Release|Win32
		{CE8B0A3B-427C-4A7E-8ADE-C59EDD26E9E4}.Release|x86.Build.0 = Release|Win32
		{C5A6A206-C9BC-434D-8479-1AA320ADA009}.Debug|x64.ActiveCfg = Debug|x64
		{C5A6A206-C9BC-434D-8479-1AA320ADA009}.Debug|x64.Build.0 = Debug|x64
		{C5A6A206-C9BC-434D-8479-1AA320ADA009}.Debug|x86.ActiveCfg = Debug|Win32
		{C5A6A206-C9BC-434D-8479-1AA320ADA009}.Debug|x86.Build.0 = Debug|Win32
		{C5A6A206-C9BC-434D-8479-1AA320ADA009}.Release|x64.ActiveCfg = Release|x64
		{C5A6A206-C9BC-434D-8479-1AA320ADA009}.Release|x64.Build.0 = Release|x64
		{C5A6A206-C9BC-434D-8479-1AA320ADA009}.Release|x86.ActiveCfg = Release|Win32
		{C5A6A206-C9BC-434D-8479-1AA320ADA009}.Release|x86.Build.0 = Release|Win32
		{306D001D-6099-4A71-9C3C-5DE8A69458C0}.Debug|x64.ActiveCfg = Debug|x64
		{306D001D-6099-4A71-9C3C-5DE8A69458C0}.Debug|x64.Build.0 = Debug|x64
		{306D001D-6099-4A71-9C3C-5DE8A69458C0}.Debug|x86.ActiveCfg = Debug|Win32
		{306D001D-6099-4A71-9C3C-5DE8A69458C0}.Debug|x86.Build.0 = Debug|Win32
		{306D001D-6099-4A71-9C3C-5DE8A69458C0}.Release|x64.ActiveCfg = Release|x64
		{306D001D-6099-4A71-9C3C-5DE8A69458C0}.Release|x64.Build.0 = Release|x64
		{306D001D-6099-4A71-9C3C-5DE8A69458C0}.Release|x86.ActiveCfg = Release|Win32
		{306D001D-6099-4A71-9C3C-5DE8A69458C0}.Release|x86.Build.0 = Release|Win32
		{C307A3DB-523B-4FC4-9D0B-85F3C4926E23}.Debug|x64.ActiveCfg = Debug|x64
		{C307A3DB-523B-4FC4-9D0B-85F3C4926E23}.Debug|x64.Build.0 = Debug|x64
		{C307A3DB-523B-4FC4-9D0B-85F3C4926E23}.Debug|x86.ActiveCfg = Debug|Win32
		{C307A3DB-523B-4FC4-9D0B-85F3C4926E23}.Debug|x86.Build.0 = Debug|Win32
		{C307A3DB-523B-4FC4-9D0B-85F3C4926E23}.Release|x64.ActiveCfg = Release|x64
		{C307A3DB-523B-4FC4-9D0B-85F3C4926E23}.Release|x64.Build.0 = Release|x64
		{C307A3DB-523B-4FC4-9D0B-85F3C4926E23}.Release|x86.ActiveCfg = Release|Win32
		{C307A3DB-523B-4FC4-9D0B-85F3C4926E23}.Release|x86.Build.0 = Release|Win32
		{667E66B6-59C5-4880-A276-7C96B9E6ECED}.Debug|x64.ActiveCfg = Debug|x64
		{667E66B6-59C5-4880-A276-7C96B9E6ECED}.Debug|x64.Build.0 = Debug|x64
		{667E66B6-59C5-4880-A276-7C96B9E6ECED}.Debug|x86.ActiveCfg = Debug|Win32
		{667E66B6-59C5-4880-A276-7C96B9E6ECED}.Debug|x86.Build.0 = Debug|Win32
		{667E66B6-59C5-4880-A276-7C96B9E6ECED}.Release|x64.ActiveCfg = Release|x64
		{667E66B6-59C5-4880-A276-7C96B9E6ECED}.Release|x64.Build.0 = Release|x64
		{667E66B6-59C5-4880-A276-7C96B9E6ECED}.Release|x86.ActiveCfg = Release|Win32
		{667E66B6-59C5-4880-A276-7C96B9E6ECED}.Release|x86.Build.0 = Release|Win32
		{C9AB966E-54E2-48A8-84C9-718753A54856}.Debug|x64.ActiveCfg = Debug|x64
		{C9AB966E-54E2-48A8-84C9-718753A54856}.Debug|x64.Build.0 = Debug|x64
		{C9AB966E-54E2-48A8-84C9-718753A54856}.Debug|x86.ActiveCfg = Debug|Win32
		{C9AB966E-54E2-48A8-84C9-718753A54856}.Debug|x86.Build.0 = Debug|Win32
		{C9AB966E-54E2-48A8-84C9-718753A54856}.Release|x64.ActiveCfg = Release|x64
		{C9AB966E-54E2-48A8-84C9-718753A54856}.Release|x64.Build.0 = Release|x64
		{C9AB966E-54E2-48A8-84C9-718753A54856}.Release|x86.ActiveCfg = Release|Win32
		{C9AB966E-54E2-48A8-84C9-718753A54856}.Release|x86.Build.0 = Release|Win32
		{404E49EC-CC58-44BB-B5A8-CD7B3706D055}.Debug|x64.ActiveCfg = Debug|x64
		{404E49EC-CC58-44BB-B5A8-CD7B3706D055}.Debug|x64.Build.0 = Debug|x64
		{404E49EC-CC58-44BB-B5A8-CD7B3706D055}.Debug|x86.ActiveCfg = Debug|Win32
		{404E49EC-CC58-44BB-B5A8-CD7B3706D055}.Debug|x86.Build.0 = Debug|Win32
		{404E49EC-CC58-44BB-B5A8-CD7B3706D055}.Release|x64.ActiveCfg = Release|x64
		{404E49EC-CC58-44BB-B5A8-CD7B3706D055}.Release|x64.Build.0 = Release|x64
		{404E49EC-CC58-44BB-B5A8-CD7B3706D055}.Release|x86.ActiveCfg = Release|Win32
		{404E49EC-CC58-44BB-B5A8-CD7B3706D055}.Release|x86.Build.0 = Release|Win32
		{B53D8C87-2346-4200-878D-05614BB88452}.Debug|x64.ActiveCfg = Debug|x64
		{B53D8C87-2346-4200-878D-05614BB88452}.Debug|x64.Build.0 = Debug|x64
		{B53D8C87-2346-4200-878D-05614BB88452}.Debug|x86.ActiveCfg = Debug|Win32
		{B53D8C87-2346-4200-878D-05614BB88452}.Debug|x86.Build.0 = Debug|Win32
		{B53D8C87-2346-4200-878D-05614BB88452}.Release|x64.ActiveCfg = Release|x64
		{B53D8C87-2346-4200-878D-05614BB88452}.Release|x64.Build.0 = Release|x64
		{B53D8C87-2346-4200-878D-05614BB88452}.Release|x86.ActiveCfg = Release|Win32
		{B53D8C87-2346-4200-878D-05614BB88452}.Release|x86.Build.0 = Release|Win32
		{0D3EE460-2D7F-41C6-A9BA-0A34053E47FB}.Debug|x64.ActiveCfg = Debug|x64
		{0D3EE460-2D7F-41C6-A9BA-0A34053E47FB}.Debug|x64.Build.0 = Debug|x64
		{0D3EE460-2D7F-41C6-A9BA-0A34053E47FB}.Debug|x86.ActiveCfg = Debug|Win32
		{0D3EE460-2D7F-41C6-A9BA-0A34053E47FB}.Debug|x86.Build.0 = Debug|Win32
		{0D3EE460-2D7F-41C6-A9BA-0A34053E47FB}.Release|x64.ActiveCfg = Release|x64
		{0D3EE460-2D7F-41C6-A9BA-0A34053E47FB}.Release|x64.Build.0 = Release|x64
		{0D3EE460-2D7F-41C6-A9BA-0A34053E47FB}.Release|x86.ActiveCfg = Release|Win32
		{0D3EE460-2D7F-41C6-A9BA-0A34053E47FB}.Release|x86.Build.0 = Release|Win32
		{36C8784E-0905-4758-843F-1E5EAED9A7AB}.Debug|x64.ActiveCfg = Debug|x64
		{36C8784E-0905-4758-843F-1E5EAED9A7AB}.Debug|x64.Build.0 = Debug|x64
		{36C8784E-0905-4758-843F-1E5EAED9A7AB}.Debug|x86.ActiveCfg = Debug|Win32
		{36C8784E-0905-4758-843F-1E5EAED9A7AB}.Debug|x86.Build.0 = Debug|Win32
		{36C8784E-0905-4758-843F-1E5EAED9A7AB}.Release|x64.ActiveCfg = Release|x64
		{36C8784E-0905-4758-843F-1E5EAED9A7AB}.Release|x64.Build.0 = Release|x64
		{36C8784E-0905-4758-843F-1E5EAED9A7AB}.Release|x86.ActiveCfg = Release|Win32
		{36C8784E-0905-4758-843F-1E5EAED9A7AB}.Release|x86.Build.0 = Release|Win32
		{BEEFB9FC-ED1D-4353-9402-C51C3367021F}.Debug|x64.ActiveCfg = Debug|x64
		{BEEFB9FC-ED1D-4353-9402-C51C3367021F}.Debug|x64.Build.0 = Debug|x64
		{BEEFB9FC-ED1D-4353-9402-C51C3367021F}.Debug|x86.ActiveCfg = Debug|Win32
		{BEEFB9FC-ED1D-4353-9402-C51C3367021F}.Debug|x86.Build.0 = Debug|Win32
		{BEEFB9FC-ED1D-4353-9402-C51C3367021F}.Release|x64.ActiveCfg = Release|x64
		{BEEFB9FC-ED1D-4353-9402-C51C3367021F}.Release|x64.Build.0 = Release|x64
		{BEEFB9FC-ED1D-4353-9402-C51C3367021F}.Release|x86.ActiveCfg = Release|Win32
		{BEEFB9FC-ED1D-4353-9402-C51C3367021F}.Release|x86.Build.0 = Release|Win32
	EndGlobalSection
	GlobalSection(SolutionProperties) = preSolution
		HideSolutionNode = FALSE
	EndGlobalSection
	GlobalSection(ExtensibilityGlobals) = postSolution
		SolutionGuid = {6FF980BA-E678-4B73-9A14-33A94AB4DDB9}
	EndGlobalSection
EndGlobal
